
Microsoft Visual Studio Solution File, Format Version 12.00
Project("{FAE04EC0-301F-11D3-BF4B-00C04F79EFBC}") = "GMTales.Sync", "GMTales.Sync.csproj", "{ADF312DF-1199-41AF-8E4B-B03FB6333F00}"
EndProject
Global
	GlobalSection(SolutionConfigurationPlatforms) = preSolution
		Debug|Any CPU = Debug|Any CPU
		Release|Any CPU = Release|Any CPU
	EndGlobalSection
	GlobalSection(ProjectConfigurationPlatforms) = postSolution
		{ADF312DF-1199-41AF-8E4B-B03FB6333F00}.Debug|Any CPU.ActiveCfg = Debug|Any CPU
		{ADF312DF-1199-41AF-8E4B-B03FB6333F00}.Debug|Any CPU.Build.0 = Debug|Any CPU
		{ADF312DF-1199-41AF-8E4B-B03FB6333F00}.Release|Any CPU.ActiveCfg = Release|Any CPU
		{ADF312DF-1199-41AF-8E4B-B03FB6333F00}.Release|Any CPU.Build.0 = Release|Any CPU
	EndGlobalSection
EndGlobal
